
Microsoft Visual Studio Solution File, Format Version 12.00
# Visual Studio 15
VisualStudioVersion = 15.0.28307.168
MinimumVisualStudioVersion = 10.0.40219.1
Project("{FAE04EC0-301F-11D3-BF4B-00C04F79EFBC}") = "Rg", "Rg\Rg.csproj", "{89E2A89C-0C0D-4489-97E1-1EE0A2D4DC44}"
EndProject
Global
	GlobalSection(SolutionConfigurationPlatforms) = preSolution
		Debug|Any CPU = Debug|Any CPU
		Release|Any CPU = Release|Any CPU
	EndGlobalSection
	GlobalSection(ProjectConfigurationPlatforms) = postSolution
		{89E2A89C-0C0D-4489-97E1-1EE0A2D4DC44}.Debug|Any CPU.ActiveCfg = Debug|Any CPU
		{89E2A89C-0C0D-4489-97E1-1EE0A2D4DC44}.Debug|Any CPU.Build.0 = Debug|Any CPU
		{89E2A89C-0C0D-4489-97E1-1EE0A2D4DC44}.Release|Any CPU.ActiveCfg = Release|Any CPU
		{89E2A89C-0C0D-4489-97E1-1EE0A2D4DC44}.Release|Any CPU.Build.0 = Release|Any CPU
	EndGlobalSection
	GlobalSection(SolutionProperties) = preSolution
		HideSolutionNode = FALSE
	EndGlobalSection
	GlobalSection(ExtensibilityGlobals) = postSolution
		SolutionGuid = {6C7C4A31-4813-4ADA-ABE5-D0FFFAB64425}
	EndGlobalSection
EndGlobal
